{
  "name": "ssh-licco",
  "version": "2.7.2",
  "lockfileVersion": 3,
  "requires": true,
  "packages": {
    "": {
      "name": "ssh-licco",
      "version": "2.7.2",
      "hasInstallScript": true,
      "license": "MIT",
      "bin": {
        "ssh-licco": "ssh-licco.js"
      },
      "engines": {
        "node": ">=16.0.0"
      }
    }
  }
}
